
Microsoft Visual Studio Solution File, Format Version 12.00
# Visual Studio Version 17
VisualStudioVersion = 17.7.34031.279
MinimumVisualStudioVersion = 10.0.40219.1
Project("{FAE04EC0-301F-11D3-BF4B-00C04F79EFBC}") = "VacationRequester", "VacationRequester.csproj", "{F8A23893-AD00-424D-8432-D76DE770DD37}"
EndProject
Global
	GlobalSection(SolutionConfigurationPlatforms) = preSolution
		Debug|Any CPU = Debug|Any CPU
		Release|Any CPU = Release|Any CPU
	EndGlobalSection
	GlobalSection(ProjectConfigurationPlatforms) = postSolution
		{F8A23893-AD00-424D-8432-D76DE770DD37}.Debug|Any CPU.ActiveCfg = Debug|Any CPU
		{F8A23893-AD00-424D-8432-D76DE770DD37}.Debug|Any CPU.Build.0 = Debug|Any CPU
		{F8A23893-AD00-424D-8432-D76DE770DD37}.Release|Any CPU.ActiveCfg = Release|Any CPU
		{F8A23893-AD00-424D-8432-D76DE770DD37}.Release|Any CPU.Build.0 = Release|Any CPU
	EndGlobalSection
	GlobalSection(SolutionProperties) = preSolution
		HideSolutionNode = FALSE
	EndGlobalSection
	GlobalSection(ExtensibilityGlobals) = postSolution
		SolutionGuid = {193A4000-1A6E-421E-9A97-B6D99678FEBA}
	EndGlobalSection
EndGlobal
